
Microsoft Visual Studio Solution File, Format Version 12.00
# Visual Studio Version 17
VisualStudioVersion = 17.7.34009.444
MinimumVisualStudioVersion = 10.0.40219.1
Project("{9A19103F-16F7-4668-BE54-9A1E7A4F7556}") = "BookCatalogApi", "BookCatalogApi\BookCatalogApi.csproj", "{D7FC64DA-93FD-4E77-BE51-13E20E50D762}"
EndProject
Project("{FAE04EC0-301F-11D3-BF4B-00C04F79EFBC}") = "BookCatalogApi.Tests", "BookCatalogApi.Tests\BookCatalogApi.Tests.csproj", "{05CBD14F-0AFA-4119-B4D4-C6D4E905DB55}"
EndProject
Global
	GlobalSection(SolutionConfigurationPlatforms) = preSolution
		Debug|Any CPU = Debug|Any CPU
		Release|Any CPU = Release|Any CPU
	EndGlobalSection
	GlobalSection(ProjectConfigurationPlatforms) = postSolution
		{D7FC64DA-93FD-4E77-BE51-13E20E50D762}.Debug|Any CPU.ActiveCfg = Debug|Any CPU
		{D7FC64DA-93FD-4E77-BE51-13E20E50D762}.Debug|Any CPU.Build.0 = Debug|Any CPU
		{D7FC64DA-93FD-4E77-BE51-13E20E50D762}.Release|Any CPU.ActiveCfg = Release|Any CPU
		{D7FC64DA-93FD-4E77-BE51-13E20E50D762}.Release|Any CPU.Build.0 = Release|Any CPU
		{05CBD14F-0AFA-4119-B4D4-C6D4E905DB55}.Debug|Any CPU.ActiveCfg = Debug|Any CPU
		{05CBD14F-0AFA-4119-B4D4-C6D4E905DB55}.Debug|Any CPU.Build.0 = Debug|Any CPU
		{05CBD14F-0AFA-4119-B4D4-C6D4E905DB55}.Release|Any CPU.ActiveCfg = Release|Any CPU
		{05CBD14F-0AFA-4119-B4D4-C6D4E905DB55}.Release|Any CPU.Build.0 = Release|Any CPU
	EndGlobalSection
	GlobalSection(SolutionProperties) = preSolution
		HideSolutionNode = FALSE
	EndGlobalSection
	GlobalSection(ExtensibilityGlobals) = postSolution
		SolutionGuid = {0119B4E8-5FF1-4DBA-9180-1508615DB94D}
	EndGlobalSection
EndGlobal
